
Microsoft Visual Studio Solution File, Format Version 12.00
# Visual Studio Version 17
VisualStudioVersion = 17.13.35931.197
MinimumVisualStudioVersion = 10.0.40219.1
Project("{FAE04EC0-301F-11D3-BF4B-00C04F79EFBC}") = "ProductionChain", "ProductionChain\ProductionChain.csproj", "{C03FC424-2528-4056-99DD-0E8D862837F9}"
EndProject
Project("{FAE04EC0-301F-11D3-BF4B-00C04F79EFBC}") = "ProductionChain.DataAccess", "ProductionChain.DataAccess\ProductionChain.DataAccess.csproj", "{69837B61-0D1C-4D11-9231-7D1599D87FEF}"
EndProject
Project("{FAE04EC0-301F-11D3-BF4B-00C04F79EFBC}") = "ProductionChain.Model", "ProductionChain.Model\ProductionChain.Model.csproj", "{5A656FAE-3B8A-4AC5-A9F5-1A3E15214CB5}"
EndProject
Project("{FAE04EC0-301F-11D3-BF4B-00C04F79EFBC}") = "ProductionChain.Contracts", "ProductionChain.Contracts\ProductionChain.Contracts.csproj", "{225ED63E-EE7B-4B3A-AEF7-555A59DBA895}"
EndProject
Project("{FAE04EC0-301F-11D3-BF4B-00C04F79EFBC}") = "ProductionChain.BusinessLogic", "ProductionChain.BusinessLogic\ProductionChain.BusinessLogic.csproj", "{5A4D94B7-4934-4D94-B0D6-B34B24176F73}"
EndProject
Global
	GlobalSection(SolutionConfigurationPlatforms) = preSolution
		Debug|Any CPU = Debug|Any CPU
		Release|Any CPU = Release|Any CPU
	EndGlobalSection
	GlobalSection(ProjectConfigurationPlatforms) = postSolution
		{C03FC424-2528-4056-99DD-0E8D862837F9}.Debug|Any CPU.ActiveCfg = Debug|Any CPU
		{C03FC424-2528-4056-99DD-0E8D862837F9}.Debug|Any CPU.Build.0 = Debug|Any CPU
		{C03FC424-2528-4056-99DD-0E8D862837F9}.Release|Any CPU.ActiveCfg = Release|Any CPU
		{C03FC424-2528-4056-99DD-0E8D862837F9}.Release|Any CPU.Build.0 = Release|Any CPU
		{69837B61-0D1C-4D11-9231-7D1599D87FEF}.Debug|Any CPU.ActiveCfg = Debug|Any CPU
		{69837B61-0D1C-4D11-9231-7D1599D87FEF}.Debug|Any CPU.Build.0 = Debug|Any CPU
		{69837B61-0D1C-4D11-9231-7D1599D87FEF}.Release|Any CPU.ActiveCfg = Release|Any CPU
		{69837B61-0D1C-4D11-9231-7D1599D87FEF}.Release|Any CPU.Build.0 = Release|Any CPU
		{5A656FAE-3B8A-4AC5-A9F5-1A3E15214CB5}.Debug|Any CPU.ActiveCfg = Debug|Any CPU
		{5A656FAE-3B8A-4AC5-A9F5-1A3E15214CB5}.Debug|Any CPU.Build.0 = Debug|Any CPU
		{5A656FAE-3B8A-4AC5-A9F5-1A3E15214CB5}.Release|Any CPU.ActiveCfg = Release|Any CPU
		{5A656FAE-3B8A-4AC5-A9F5-1A3E15214CB5}.Release|Any CPU.Build.0 = Release|Any CPU
		{225ED63E-EE7B-4B3A-AEF7-555A59DBA895}.Debug|Any CPU.ActiveCfg = Debug|Any CPU
		{225ED63E-EE7B-4B3A-AEF7-555A59DBA895}.Debug|Any CPU.Build.0 = Debug|Any CPU
		{225ED63E-EE7B-4B3A-AEF7-555A59DBA895}.Release|Any CPU.ActiveCfg = Release|Any CPU
		{225ED63E-EE7B-4B3A-AEF7-555A59DBA895}.Release|Any CPU.Build.0 = Release|Any CPU
		{5A4D94B7-4934-4D94-B0D6-B34B24176F73}.Debug|Any CPU.ActiveCfg = Debug|Any CPU
		{5A4D94B7-4934-4D94-B0D6-B34B24176F73}.Debug|Any CPU.Build.0 = Debug|Any CPU
		{5A4D94B7-4934-4D94-B0D6-B34B24176F73}.Release|Any CPU.ActiveCfg = Release|Any CPU
		{5A4D94B7-4934-4D94-B0D6-B34B24176F73}.Release|Any CPU.Build.0 = Release|Any CPU
	EndGlobalSection
	GlobalSection(SolutionProperties) = preSolution
		HideSolutionNode = FALSE
	EndGlobalSection
	GlobalSection(ExtensibilityGlobals) = postSolution
		SolutionGuid = {48374C58-D141-4F28-8EE2-EB4A9B2D567A}
	EndGlobalSection
EndGlobal
